// !$*UTF8*$!
{
	archiveVersion = 1;
	classes = {
	};
	objectVersion = 46;
	objects = {

/* Begin PBXBuildFile section */
		FA0D0EED1C53EF0B007838C1 /* AppDelegate.swift in Sources */ = {isa = PBXBuildFile; fileRef = FA0D0EEC1C53EF0B007838C1 /* AppDelegate.swift */; };
		FA0D0EEF1C53EF0B007838C1 /* ViewController.swift in Sources */ = {isa = PBXBuildFile; fileRef = FA0D0EEE1C53EF0B007838C1 /* ViewController.swift */; };
		FA0D0EF21C53EF0B007838C1 /* Main.storyboard in Resources */ = {isa = PBXBuildFile; fileRef = FA0D0EF01C53EF0B007838C1 /* Main.storyboard */; };
		FA0D0EF41C53EF0B007838C1 /* Assets.xcassets in Resources */ = {isa = PBXBuildFile; fileRef = FA0D0EF31C53EF0B007838C1 /* Assets.xcassets */; };
		FA0D0EF71C53EF0B007838C1 /* LaunchScreen.storyboard in Resources */ = {isa = PBXBuildFile; fileRef = FA0D0EF51C53EF0B007838C1 /* LaunchScreen.storyboard */; };
		FA0D0F021C53EF0C007838C1 /* LocalizationTests.swift in Sources */ = {isa = PBXBuildFile; fileRef = FA0D0F011C53EF0C007838C1 /* LocalizationTests.swift */; };
		FA0D0F0D1C53EF0C007838C1 /* LocalizationUITests.swift in Sources */ = {isa = PBXBuildFile; fileRef = FA0D0F0C1C53EF0C007838C1 /* LocalizationUITests.swift */; };
		FA0D0F1E1C53EF84007838C1 /* Localizable.strings in Resources */ = {isa = PBXBuildFile; fileRef = FA0D0F201C53EF84007838C1 /* Localizable.strings */; };
/* End PBXBuildFile section */

/* Begin PBXContainerItemProxy section */
		FA0D0EFE1C53EF0C007838C1 /* PBXContainerItemProxy */ = {
			isa = PBXContainerItemProxy;
			containerPortal = FA0D0EE11C53EF0B007838C1 /* Project object */;
			proxyType = 1;
			remoteGlobalIDString = FA0D0EE81C53EF0B007838C1;
			remoteInfo = Localization;
		};
		FA0D0F091C53EF0C007838C1 /* PBXContainerItemProxy */ = {
			isa = PBXContainerItemProxy;
			containerPortal = FA0D0EE11C53EF0B007838C1 /* Project object */;
			proxyType = 1;
			remoteGlobalIDString = FA0D0EE81C53EF0B007838C1;
			remoteInfo = Localization;
		};
/* End PBXContainerItemProxy section */

/* Begin PBXFileReference section */
		FA0D0EE91C53EF0B007838C1 /* Localization.app */ = {isa = PBXFileReference; explicitFileType = wrapper.application; includeInIndex = 0; path = Localization.app; sourceTree = BUILT_PRODUCTS_DIR; };
		FA0D0EEC1C53EF0B007838C1 /* AppDelegate.swift */ = {isa = PBXFileReference; lastKnownFileType = sourcecode.swift; path = AppDelegate.swift; sourceTree = "<group>"; };
		FA0D0EEE1C53EF0B007838C1 /* ViewController.swift */ = {isa = PBXFileReference; lastKnownFileType = sourcecode.swift; path = ViewController.swift; sourceTree = "<group>"; };
		FA0D0EF11C53EF0B007838C1 /* Base */ = {isa = PBXFileReference; lastKnownFileType = file.storyboard; name = Base; path = Base.lproj/Main.storyboard; sourceTree = "<group>"; };
		FA0D0EF31C53EF0B007838C1 /* Assets.xcassets */ = {isa = PBXFileReference; lastKnownFileType = folder.assetcatalog; path = Assets.xcassets; sourceTree = "<group>"; };
		FA0D0EF61C53EF0B007838C1 /* Base */ = {isa = PBXFileReference; lastKnownFileType = file.storyboard; name = Base; path = Base.lproj/LaunchScreen.storyboard; sourceTree = "<group>"; };
		FA0D0EF81C53EF0B007838C1 /* Info.plist */ = {isa = PBXFileReference; lastKnownFileType = text.plist.xml; path = Info.plist; sourceTree = "<group>"; };
		FA0D0EFD1C53EF0C007838C1 /* LocalizationTests.xctest */ = {isa = PBXFileReference; explicitFileType = wrapper.cfbundle; includeInIndex = 0; path = LocalizationTests.xctest; sourceTree = BUILT_PRODUCTS_DIR; };
		FA0D0F011C53EF0C007838C1 /* LocalizationTests.swift */ = {isa = PBXFileReference; lastKnownFileType = sourcecode.swift; path = LocalizationTests.swift; sourceTree = "<group>"; };
		FA0D0F031C53EF0C007838C1 /* Info.plist */ = {isa = PBXFileReference; lastKnownFileType = text.plist.xml; path = Info.plist; sourceTree = "<group>"; };
		FA0D0F081C53EF0C007838C1 /* LocalizationUITests.xctest */ = {isa = PBXFileReference; explicitFileType = wrapper.cfbundle; includeInIndex = 0; path = LocalizationUITests.xctest; sourceTree = BUILT_PRODUCTS_DIR; };
		FA0D0F0C1C53EF0C007838C1 /* LocalizationUITests.swift */ = {isa = PBXFileReference; lastKnownFileType = sourcecode.swift; path = LocalizationUITests.swift; sourceTree = "<group>"; };
		FA0D0F0E1C53EF0C007838C1 /* Info.plist */ = {isa = PBXFileReference; lastKnownFileType = text.plist.xml; path = Info.plist; sourceTree = "<group>"; };
		FA0D0F1A1C53EF4A007838C1 /* ru */ = {isa = PBXFileReference; lastKnownFileType = text.plist.strings; name = ru; path = ru.lproj/Main.strings; sourceTree = "<group>"; };
		FA0D0F1B1C53EF4A007838C1 /* ru */ = {isa = PBXFileReference; lastKnownFileType = text.plist.strings; name = ru; path = ru.lproj/LaunchScreen.strings; sourceTree = "<group>"; };
		FA0D0F1F1C53EF84007838C1 /* ru */ = {isa = PBXFileReference; lastKnownFileType = text.plist.strings; name = ru; path = ru.lproj/Localizable.strings; sourceTree = "<group>"; };
		FA0D0F211C53EF87007838C1 /* Base */ = {isa = PBXFileReference; lastKnownFileType = text.plist.strings; name = Base; path = Base.lproj/Localizable.strings; sourceTree = "<group>"; };
/* End PBXFileReference section */

/* Begin PBXFrameworksBuildPhase section */
		FA0D0EE61C53EF0B007838C1 /* Frameworks */ = {
			isa = PBXFrameworksBuildPhase;
			buildActionMask = 2147483647;
			files = (
			);
			runOnlyForDeploymentPostprocessing = 0;
		};
		FA0D0EFA1C53EF0C007838C1 /* Frameworks */ = {
			isa = PBXFrameworksBuildPhase;
			buildActionMask = 2147483647;
			files = (
			);
			runOnlyForDeploymentPostprocessing = 0;
		};
		FA0D0F051C53EF0C007838C1 /* Frameworks */ = {
			isa = PBXFrameworksBuildPhase;
			buildActionMask = 2147483647;
			files = (
			);
			runOnlyForDeploymentPostprocessing = 0;
		};
/* End PBXFrameworksBuildPhase section */

/* Begin PBXGroup section */
		FA0D0EE01C53EF0B007838C1 = {
			isa = PBXGroup;
			children = (
				FA0D0EEB1C53EF0B007838C1 /* Localization */,
				FA0D0F001C53EF0C007838C1 /* LocalizationTests */,
				FA0D0F0B1C53EF0C007838C1 /* LocalizationUITests */,
				FA0D0EEA1C53EF0B007838C1 /* Products */,
			);
			sourceTree = "<group>";
		};
		FA0D0EEA1C53EF0B007838C1 /* Products */ = {
			isa = PBXGroup;
			children = (
				FA0D0EE91C53EF0B007838C1 /* Localization.app */,
				FA0D0EFD1C53EF0C007838C1 /* LocalizationTests.xctest */,
				FA0D0F081C53EF0C007838C1 /* LocalizationUITests.xctest */,
			);
			name = Products;
			sourceTree = "<group>";
		};
		FA0D0EEB1C53EF0B007838C1 /* Localization */ = {
			isa = PBXGroup;
			children = (
				FA0D0F201C53EF84007838C1 /* Localizable.strings */,
				FA0D0EEC1C53EF0B007838C1 /* AppDelegate.swift */,
				FA0D0EEE1C53EF0B007838C1 /* ViewController.swift */,
				FA0D0EF01C53EF0B007838C1 /* Main.storyboard */,
				FA0D0EF31C53EF0B007838C1 /* Assets.xcassets */,
				FA0D0EF51C53EF0B007838C1 /* LaunchScreen.storyboard */,
				FA0D0EF81C53EF0B007838C1 /* Info.plist */,
			);
			path = Localization;
			sourceTree = "<group>";
		};
		FA0D0F001C53EF0C007838C1 /* LocalizationTests */ = {
			isa = PBXGroup;
			children = (
				FA0D0F011C53EF0C007838C1 /* LocalizationTests.swift */,
				FA0D0F031C53EF0C007838C1 /* Info.plist */,
			);
			path = LocalizationTests;
			sourceTree = "<group>";
		};
		FA0D0F0B1C53EF0C007838C1 /* LocalizationUITests */ = {
			isa = PBXGroup;
			children = (
				FA0D0F0C1C53EF0C007838C1 /* LocalizationUITests.swift */,
				FA0D0F0E1C53EF0C007838C1 /* Info.plist */,
			);
			path = LocalizationUITests;
			sourceTree = "<group>";
		};
/* End PBXGroup section */

/* Begin PBXNativeTarget section */
		FA0D0EE81C53EF0B007838C1 /* Localization */ = {
			isa = PBXNativeTarget;
			buildConfigurationList = FA0D0F111C53EF0C007838C1 /* Build configuration list for PBXNativeTarget "Localization" */;
			buildPhases = (
				FA0D0EE51C53EF0B007838C1 /* Sources */,
				FA0D0EE61C53EF0B007838C1 /* Frameworks */,
				FA0D0EE71C53EF0B007838C1 /* Resources */,
			);
			buildRules = (
			);
			dependencies = (
			);
			name = Localization;
			productName = Localization;
			productReference = FA0D0EE91C53EF0B007838C1 /* Localization.app */;
			productType = "com.apple.product-type.application";
		};
		FA0D0EFC1C53EF0C007838C1 /* LocalizationTests */ = {
			isa = PBXNativeTarget;
			buildConfigurationList = FA0D0F141C53EF0C007838C1 /* Build configuration list for PBXNativeTarget "LocalizationTests" */;
			buildPhases = (
				FA0D0EF91C53EF0C007838C1 /* Sources */,
				FA0D0EFA1C53EF0C007838C1 /* Frameworks */,
				FA0D0EFB1C53EF0C007838C1 /* Resources */,
			);
			buildRules = (
			);
			dependencies = (
				FA0D0EFF1C53EF0C007838C1 /* PBXTargetDependency */,
			);
			name = LocalizationTests;
			productName = LocalizationTests;
			productReference = FA0D0EFD1C53EF0C007838C1 /* LocalizationTests.xctest */;
			productType = "com.apple.product-type.bundle.unit-test";
		};
		FA0D0F071C53EF0C007838C1 /* LocalizationUITests */ = {
			isa = PBXNativeTarget;
			buildConfigurationList = FA0D0F171C53EF0C007838C1 /* Build configuration list for PBXNativeTarget "LocalizationUITests" */;
			buildPhases = (
				FA0D0F041C53EF0C007838C1 /* Sources */,
				FA0D0F051C53EF0C007838C1 /* Frameworks */,
				FA0D0F061C53EF0C007838C1 /* Resources */,
			);
			buildRules = (
			);
			dependencies = (
				FA0D0F0A1C53EF0C007838C1 /* PBXTargetDependency */,
			);
			name = LocalizationUITests;
			productName = LocalizationUITests;
			productReference = FA0D0F081C53EF0C007838C1 /* LocalizationUITests.xctest */;
			productType = "com.apple.product-type.bundle.ui-testing";
		};
/* End PBXNativeTarget section */

/* Begin PBXProject section */
		FA0D0EE11C53EF0B007838C1 /* Project object */ = {
			isa = PBXProject;
			attributes = {
				LastSwiftUpdateCheck = 0710;
				LastUpgradeCheck = 0710;
				ORGANIZATIONNAME = oleksii;
				TargetAttributes = {
					FA0D0EE81C53EF0B007838C1 = {
						CreatedOnToolsVersion = 7.1.1;
					};
					FA0D0EFC1C53EF0C007838C1 = {
						CreatedOnToolsVersion = 7.1.1;
						TestTargetID = FA0D0EE81C53EF0B007838C1;
					};
					FA0D0F071C53EF0C007838C1 = {
						CreatedOnToolsVersion = 7.1.1;
						TestTargetID = FA0D0EE81C53EF0B007838C1;
					};
				};
			};
			buildConfigurationList = FA0D0EE41C53EF0B007838C1 /* Build configuration list for PBXProject "Localization" */;
			compatibilityVersion = "Xcode 3.2";
			developmentRegion = English;
			hasScannedForEncodings = 0;
			knownRegions = (
				en,
				Base,
			);
			mainGroup = FA0D0EE01C53EF0B007838C1;
			productRefGroup = FA0D0EEA1C53EF0B007838C1 /* Products */;
			projectDirPath = "";
			projectRoot = "";
			targets = (
				FA0D0EE81C53EF0B007838C1 /* Localization */,
				FA0D0EFC1C53EF0C007838C1 /* LocalizationTests */,
				FA0D0F071C53EF0C007838C1 /* LocalizationUITests */,
			);
		};
/* End PBXProject section */

/* Begin PBXResourcesBuildPhase section */
		FA0D0EE71C53EF0B007838C1 /* Resources */ = {
			isa = PBXResourcesBuildPhase;
			buildActionMask = 2147483647;
			files = (
				FA0D0EF71C53EF0B007838C1 /* LaunchScreen.storyboard in Resources */,
				FA0D0F1E1C53EF84007838C1 /* Localizable.strings in Resources */,
				FA0D0EF41C53EF0B007838C1 /* Assets.xcassets in Resources */,
				FA0D0EF21C53EF0B007838C1 /* Main.storyboard in Resources */,
			);
			runOnlyForDeploymentPostprocessing = 0;
		};
		FA0D0EFB1C53EF0C007838C1 /* Resources */ = {
			isa = PBXResourcesBuildPhase;
			buildActionMask = 2147483647;
			files = (
			);
			runOnlyForDeploymentPostprocessing = 0;
		};
		FA0D0F061C53EF0C007838C1 /* Resources */ = {
			isa = PBXResourcesBuildPhase;
			buildActionMask = 2147483647;
			files = (
			);
			runOnlyForDeploymentPostprocessing = 0;
		};
/* End PBXResourcesBuildPhase section */

/* Begin PBXSourcesBuildPhase section */
		FA0D0EE51C53EF0B007838C1 /* Sources */ = {
			isa = PBXSourcesBuildPhase;
			buildActionMask = 2147483647;
			files = (
				FA0D0EEF1C53EF0B007838C1 /* ViewController.swift in Sources */,
				FA0D0EED1C53EF0B007838C1 /* AppDelegate.swift in Sources */,
			);
			runOnlyForDeploymentPostprocessing = 0;
		};
		FA0D0EF91C53EF0C007838C1 /* Sources */ = {
			isa = PBXSourcesBuildPhase;
			buildActionMask = 2147483647;
			files = (
				FA0D0F021C53EF0C007838C1 /* LocalizationTests.swift in Sources */,
			);
			runOnlyForDeploymentPostprocessing = 0;
		};
		FA0D0F041C53EF0C007838C1 /* Sources */ = {
			isa = PBXSourcesBuildPhase;
			buildActionMask = 2147483647;
			files = (
				FA0D0F0D1C53EF0C007838C1 /* LocalizationUITests.swift in Sources */,
			);
			runOnlyForDeploymentPostprocessing = 0;
		};
/* End PBXSourcesBuildPhase section */

/* Begin PBXTargetDependency section */
		FA0D0EFF1C53EF0C007838C1 /* PBXTargetDependency */ = {
			isa = PBXTargetDependency;
			target = FA0D0EE81C53EF0B007838C1 /* Localization */;
			targetProxy = FA0D0EFE1C53EF0C007838C1 /* PBXContainerItemProxy */;
		};
		FA0D0F0A1C53EF0C007838C1 /* PBXTargetDependency */ = {
			isa = PBXTargetDependency;
			target = FA0D0EE81C53EF0B007838C1 /* Localization */;
			targetProxy = FA0D0F091C53EF0C007838C1 /* PBXContainerItemProxy */;
		};
/* End PBXTargetDependency section */

/* Begin PBXVariantGroup section */
		FA0D0EF01C53EF0B007838C1 /* Main.storyboard */ = {
			isa = PBXVariantGroup;
			children = (
				FA0D0EF11C53EF0B007838C1 /* Base */,
				FA0D0F1A1C53EF4A007838C1 /* ru */,
			);
			name = Main.storyboard;
			sourceTree = "<group>";
		};
		FA0D0EF51C53EF0B007838C1 /* LaunchScreen.storyboard */ = {
			isa = PBXVariantGroup;
			children = (
				FA0D0EF61C53EF0B007838C1 /* Base */,
				FA0D0F1B1C53EF4A007838C1 /* ru */,
			);
			name = LaunchScreen.storyboard;
			sourceTree = "<group>";
		};
		FA0D0F201C53EF84007838C1 /* Localizable.strings */ = {
			isa = PBXVariantGroup;
			children = (
				FA0D0F1F1C53EF84007838C1 /* ru */,
				FA0D0F211C53EF87007838C1 /* Base */,
			);
			name = Localizable.strings;
			path = ..;
			sourceTree = "<group>";
		};
/* End PBXVariantGroup section */

/* Begin XCBuildConfiguration section */
		FA0D0F0F1C53EF0C007838C1 /* Debug */ = {
			isa = XCBuildConfiguration;
			buildSettings = {
				ALWAYS_SEARCH_USER_PATHS = NO;
				CLANG_CXX_LANGUAGE_STANDARD = "gnu++0x";
				CLANG_CXX_LIBRARY = "libc++";
				CLANG_ENABLE_MODULES = YES;
				CLANG_ENABLE_OBJC_ARC = YES;
				CLANG_WARN_BOOL_CONVERSION = YES;
				CLANG_WARN_CONSTANT_CONVERSION = YES;
				CLANG_WARN_DIRECT_OBJC_ISA_USAGE = YES_ERROR;
				CLANG_WARN_EMPTY_BODY = YES;
				CLANG_WARN_ENUM_CONVERSION = YES;
				CLANG_WARN_INT_CONVERSION = YES;
				CLANG_WARN_OBJC_ROOT_CLASS = YES_ERROR;
				CLANG_WARN_UNREACHABLE_CODE = YES;
				CLANG_WARN__DUPLICATE_METHOD_MATCH = YES;
				"CODE_SIGN_IDENTITY[sdk=iphoneos*]" = "iPhone Developer";
				COPY_PHASE_STRIP = NO;
				DEBUG_INFORMATION_FORMAT = dwarf;
				ENABLE_STRICT_OBJC_MSGSEND = YES;
				ENABLE_TESTABILITY = YES;
				GCC_C_LANGUAGE_STANDARD = gnu99;
				GCC_DYNAMIC_NO_PIC = NO;
				GCC_NO_COMMON_BLOCKS = YES;
				GCC_OPTIMIZATION_LEVEL = 0;
				GCC_PREPROCESSOR_DEFINITIONS = (
					"DEBUG=1",
					"$(inherited)",
				);
				GCC_WARN_64_TO_32_BIT_CONVERSION = YES;
				GCC_WARN_ABOUT_RETURN_TYPE = YES_ERROR;
				GCC_WARN_UNDECLARED_SELECTOR = YES;
				GCC_WARN_UNINITIALIZED_AUTOS = YES_AGGRESSIVE;
				GCC_WARN_UNUSED_FUNCTION = YES;
				GCC_WARN_UNUSED_VARIABLE = YES;
				IPHONEOS_DEPLOYMENT_TARGET = 9.1;
				MTL_ENABLE_DEBUG_INFO = YES;
				ONLY_ACTIVE_ARCH = YES;
				SDKROOT = iphoneos;
				SWIFT_OPTIMIZATION_LEVEL = "-Onone";
				TARGETED_DEVICE_FAMILY = "1,2";
			};
			name = Debug;
		};
		FA0D0F101C53EF0C007838C1 /* Release */ = {
			isa = XCBuildConfiguration;
			buildSettings = {
				ALWAYS_SEARCH_USER_PATHS = NO;
				CLANG_CXX_LANGUAGE_STANDARD = "gnu++0x";
				CLANG_CXX_LIBRARY = "libc++";
				CLANG_ENABLE_MODULES = YES;
				CLANG_ENABLE_OBJC_ARC = YES;
				CLANG_WARN_BOOL_CONVERSION = YES;
				CLANG_WARN_CONSTANT_CONVERSION = YES;
				CLANG_WARN_DIRECT_OBJC_ISA_USAGE = YES_ERROR;
				CLANG_WARN_EMPTY_BODY = YES;
				CLANG_WARN_ENUM_CONVERSION = YES;
				CLANG_WARN_INT_CONVERSION = YES;
				CLANG_WARN_OBJC_ROOT_CLASS = YES_ERROR;
				CLANG_WARN_UNREACHABLE_CODE = YES;
				CLANG_WARN__DUPLICATE_METHOD_MATCH = YES;
				"CODE_SIGN_IDENTITY[sdk=iphoneos*]" = "iPhone Developer";
				COPY_PHASE_STRIP = NO;
				DEBUG_INFORMATION_FORMAT = "dwarf-with-dsym";
				ENABLE_NS_ASSERTIONS = NO;
				ENABLE_STRICT_OBJC_MSGSEND = YES;
				GCC_C_LANGUAGE_STANDARD = gnu99;
				GCC_NO_COMMON_BLOCKS = YES;
				GCC_WARN_64_TO_32_BIT_CONVERSION = YES;
				GCC_WARN_ABOUT_RETURN_TYPE = YES_ERROR;
				GCC_WARN_UNDECLARED_SELECTOR = YES;
				GCC_WARN_UNINITIALIZED_AUTOS = YES_AGGRESSIVE;
				GCC_WARN_UNUSED_FUNCTION = YES;
				GCC_WARN_UNUSED_VARIABLE = YES;
				IPHONEOS_DEPLOYMENT_TARGET = 9.1;
				MTL_ENABLE_DEBUG_INFO = NO;
				SDKROOT = iphoneos;
				TARGETED_DEVICE_FAMILY = "1,2";
				VALIDATE_PRODUCT = YES;
			};
			name = Release;
		};
		FA0D0F121C53EF0C007838C1 /* Debug */ = {
			isa = XCBuildConfiguration;
			buildSettings = {
				ASSETCATALOG_COMPILER_APPICON_NAME = AppIcon;
				INFOPLIST_FILE = Localization/Info.plist;
				LD_RUNPATH_SEARCH_PATHS = "$(inherited) @executable_path/Frameworks";
				PRODUCT_BUNDLE_IDENTIFIER = oleksii.chechel.Localization;
				PRODUCT_NAME = "$(TARGET_NAME)";
			};
			name = Debug;
		};
		FA0D0F131C53EF0C007838C1 /* Release */ = {
			isa = XCBuildConfiguration;
			buildSettings = {
				ASSETCATALOG_COMPILER_APPICON_NAME = AppIcon;
				INFOPLIST_FILE = Localization/Info.plist;
				LD_RUNPATH_SEARCH_PATHS = "$(inherited) @executable_path/Frameworks";
				PRODUCT_BUNDLE_IDENTIFIER = oleksii.chechel.Localization;
				PRODUCT_NAME = "$(TARGET_NAME)";
			};
			name = Release;
		};
		FA0D0F151C53EF0C007838C1 /* Debug */ = {
			isa = XCBuildConfiguration;
			buildSettings = {
				BUNDLE_LOADER = "$(TEST_HOST)";
				INFOPLIST_FILE = LocalizationTests/Info.plist;
				LD_RUNPATH_SEARCH_PATHS = "$(inherited) @executable_path/Frameworks @loader_path/Frameworks";
				PRODUCT_BUNDLE_IDENTIFIER = oleksii.chechel.LocalizationTests;
				PRODUCT_NAME = "$(TARGET_NAME)";
				TEST_HOST = "$(BUILT_PRODUCTS_DIR)/Localization.app/Localization";
			};
			name = Debug;
		};
		FA0D0F161C53EF0C007838C1 /* Release */ = {
			isa = XCBuildConfiguration;
			buildSettings = {
				BUNDLE_LOADER = "$(TEST_HOST)";
				INFOPLIST_FILE = LocalizationTests/Info.plist;
				LD_RUNPATH_SEARCH_PATHS = "$(inherited) @executable_path/Frameworks @loader_path/Frameworks";
				PRODUCT_BUNDLE_IDENTIFIER = oleksii.chechel.LocalizationTests;
				PRODUCT_NAME = "$(TARGET_NAME)";
				TEST_HOST = "$(BUILT_PRODUCTS_DIR)/Localization.app/Localization";
			};
			name = Release;
		};
		FA0D0F181C53EF0C007838C1 /* Debug */ = {
			isa = XCBuildConfiguration;
			buildSettings = {
				INFOPLIST_FILE = LocalizationUITests/Info.plist;
				LD_RUNPATH_SEARCH_PATHS = "$(inherited) @executable_path/Frameworks @loader_path/Frameworks";
				PRODUCT_BUNDLE_IDENTIFIER = oleksii.chechel.LocalizationUITests;
				PRODUCT_NAME = "$(TARGET_NAME)";
				TEST_TARGET_NAME = Localization;
				USES_XCTRUNNER = YES;
			};
			name = Debug;
		};
		FA0D0F191C53EF0C007838C1 /* Release */ = {
			isa = XCBuildConfiguration;
			buildSettings = {
				INFOPLIST_FILE = LocalizationUITests/Info.plist;
				LD_RUNPATH_SEARCH_PATHS = "$(inherited) @executable_path/Frameworks @loader_path/Frameworks";
				PRODUCT_BUNDLE_IDENTIFIER = oleksii.chechel.LocalizationUITests;
				PRODUCT_NAME = "$(TARGET_NAME)";
				TEST_TARGET_NAME = Localization;
				USES_XCTRUNNER = YES;
			};
			name = Release;
		};
/* End XCBuildConfiguration section */

/* Begin XCConfigurationList section */
		FA0D0EE41C53EF0B007838C1 /* Build configuration list for PBXProject "Localization" */ = {
			isa = XCConfigurationList;
			buildConfigurations = (
				FA0D0F0F1C53EF0C007838C1 /* Debug */,
				FA0D0F101C53EF0C007838C1 /* Release */,
			);
			defaultConfigurationIsVisible = 0;
			defaultConfigurationName = Release;
		};
		FA0D0F111C53EF0C007838C1 /* Build configuration list for PBXNativeTarget "Localization" */ = {
			isa = XCConfigurationList;
			buildConfigurations = (
				FA0D0F121C53EF0C007838C1 /* Debug */,
				FA0D0F131C53EF0C007838C1 /* Release */,
			);
			defaultConfigurationIsVisible = 0;
		};
		FA0D0F141C53EF0C007838C1 /* Build configuration list for PBXNativeTarget "LocalizationTests" */ = {
			isa = XCConfigurationList;
			buildConfigurations = (
				FA0D0F151C53EF0C007838C1 /* Debug */,
				FA0D0F161C53EF0C007838C1 /* Release */,
			);
			defaultConfigurationIsVisible = 0;
		};
		FA0D0F171C53EF0C007838C1 /* Build configuration list for PBXNativeTarget "LocalizationUITests" */ = {
			isa = XCConfigurationList;
			buildConfigurations = (
				FA0D0F181C53EF0C007838C1 /* Debug */,
				FA0D0F191C53EF0C007838C1 /* Release */,
			);
			defaultConfigurationIsVisible = 0;
		};
/* End XCConfigurationList section */
	};
	rootObject = FA0D0EE11C53EF0B007838C1 /* Project object */;
}
